<?xml version="1.0" encoding="utf-8"?>
<Project ToolsVersion="4.0" xmlns="http://schemas.microsoft.com/developer/msbuild/2003">
  <ItemGroup>
    <Filter Include="Source Files">
      <UniqueIdentifier>{4FC737F1-C7A5-4376-A066-2A32D752A2FF}</UniqueIdentifier>
      <Extensions>cpp;c;cc;cxx;c++;cppm;ixx;def;odl;idl;hpj;bat;asm;asmx</Extensions>
    </Filter>
    <Filter Include="Header Files">
      <UniqueIdentifier>{93995380-89BD-4b04-88EB-625FBE52EBFB}</UniqueIdentifier>
      <Extensions>h;hh;hpp;hxx;h++;hm;inl;inc;ipp;xsd</Extensions>
    </Filter>
    <Filter Include="Resource Files">
      <UniqueIdentifier>{67DA6AB6-F800-4c08-8B7A-83BB121AAD01}</UniqueIdentifier>
      <Extensions>rc;ico;cur;bmp;dlg;rc2;rct;bin;rgs;gif;jpg;jpeg;jpe;resx;tiff;tif;png;wav;mfcribbon-ms</Extensions>
    </Filter>
    <Filter Include="Source Files\dependencies">
      <UniqueIdentifier>{761e072d-68c3-4725-9004-d7e87fcc19fb}</UniqueIdentifier>
    </Filter>
    <Filter Include="Source Files\dependencies\imgui">
      <UniqueIdentifier>{cb09d9c4-d138-49c8-9b6d-2341a572208b}</UniqueIdentifier>
    </Filter>
  </ItemGroup>
  <ItemGroup>
    <ClCompile Include="Main.cpp">
      <Filter>Source Files</Filter>
    </ClCompile>
    <ClCompile Include="CPU.cpp">
      <Filter>Source Files</Filter>
    </ClCompile>
    <ClCompile Include="Disassembler.cpp">
      <Filter>Source Files</Filter>
    </ClCompile>
    <ClCompile Include="MemoryMap.cpp">
      <Filter>Source Files</Filter>
    </ClCompile>
    <ClCompile Include="InstructionSet.cpp">
      <Filter>Source Files</Filter>
    </ClCompile>
    <ClCompile Include="..\Dependencies\imgui\imgui.cpp">
      <Filter>Source Files\dependencies\imgui</Filter>
    </ClCompile>
    <ClCompile Include="..\Dependencies\imgui\imgui_demo.cpp">
      <Filter>Source Files\dependencies\imgui</Filter>
    </ClCompile>
    <ClCompile Include="..\Dependencies\imgui\imgui_draw.cpp">
      <Filter>Source Files\dependencies\imgui</Filter>
    </ClCompile>
    <ClCompile Include="..\Dependencies\imgui\imgui_impl_glfw.cpp">
      <Filter>Source Files\dependencies\imgui</Filter>
    </ClCompile>
    <ClCompile Include="..\Dependencies\imgui\imgui_impl_opengl3.cpp">
      <Filter>Source Files\dependencies\imgui</Filter>
    </ClCompile>
    <ClCompile Include="..\Dependencies\imgui\imgui_tables.cpp">
      <Filter>Source Files\dependencies\imgui</Filter>
    </ClCompile>
    <ClCompile Include="..\Dependencies\imgui\imgui_widgets.cpp">
      <Filter>Source Files\dependencies\imgui</Filter>
    </ClCompile>
    <ClCompile Include="..\Dependencies\GLAD\glad.c">
      <Filter>Source Files\dependencies</Filter>
    </ClCompile>
    <ClCompile Include="Cartridge.cpp">
      <Filter>Source Files</Filter>
    </ClCompile>
    <ClCompile Include="PPU.cpp">
      <Filter>Source Files</Filter>
    </ClCompile>
    <ClCompile Include="Texture.cpp">
      <Filter>Source Files</Filter>
    </ClCompile>
    <ClCompile Include="Image.cpp">
      <Filter>Source Files</Filter>
    </ClCompile>
    <ClCompile Include="Mapper0.cpp">
      <Filter>Source Files</Filter>
    </ClCompile>
    <ClCompile Include="System.cpp">
      <Filter>Source Files</Filter>
    </ClCompile>
    <ClCompile Include="Application.cpp">
      <Filter>Source Files</Filter>
    </ClCompile>
  </ItemGroup>
  <ItemGroup>
    <ClInclude Include="CPU.h">
      <Filter>Header Files</Filter>
    </ClInclude>
    <ClInclude Include="MemoryMap.h">
      <Filter>Header Files</Filter>
    </ClInclude>
    <ClInclude Include="Disassembler.h">
      <Filter>Header Files</Filter>
    </ClInclude>
    <ClInclude Include="CPUAdressingMode.h">
      <Filter>Header Files</Filter>
    </ClInclude>
    <ClInclude Include="Cartridge.h">
      <Filter>Header Files</Filter>
    </ClInclude>
    <ClInclude Include="PPU.h">
      <Filter>Header Files</Filter>
    </ClInclude>
    <ClInclude Include="Image.h">
      <Filter>Header Files</Filter>
    </ClInclude>
    <ClInclude Include="Texture.h">
      <Filter>Header Files</Filter>
    </ClInclude>
    <ClInclude Include="Mapper0.h">
      <Filter>Header Files</Filter>
    </ClInclude>
    <ClInclude Include="NametableMirroring.h">
      <Filter>Header Files</Filter>
    </ClInclude>
    <ClInclude Include="System.h">
      <Filter>Header Files</Filter>
    </ClInclude>
    <ClInclude Include="Application.h">
      <Filter>Header Files</Filter>
    </ClInclude>
  </ItemGroup>
  <ItemGroup>
    <None Include="test.bin">
      <Filter>Resource Files</Filter>
    </None>
    <None Include="eater_subroutine_test.bin">
      <Filter>Resource Files</Filter>
    </None>
    <None Include="adc_stress_test.bin">
      <Filter>Resource Files</Filter>
    </None>
    <None Include="nestest.nes">
      <Filter>Resource Files</Filter>
    </None>
  </ItemGroup>
</Project>